// !$*UTF8*$!
{
	archiveVersion = 1;
	classes = {
	};
	objectVersion = 50;
	objects = {

/* Begin PBXBuildFile section */
		105B4641254AD18200F41B93 /* AppDelegate.swift in Sources */ = {isa = PBXBuildFile; fileRef = 105B4640254AD18200F41B93 /* AppDelegate.swift */; };
		105B4643254AD18200F41B93 /* SceneDelegate.swift in Sources */ = {isa = PBXBuildFile; fileRef = 105B4642254AD18200F41B93 /* SceneDelegate.swift */; };
		105B4645254AD18200F41B93 /* ViewController.swift in Sources */ = {isa = PBXBuildFile; fileRef = 105B4644254AD18200F41B93 /* ViewController.swift */; };
		105B4648254AD18200F41B93 /* Main.storyboard in Resources */ = {isa = PBXBuildFile; fileRef = 105B4646254AD18200F41B93 /* Main.storyboard */; };
		105B464A254AD18500F41B93 /* Assets.xcassets in Resources */ = {isa = PBXBuildFile; fileRef = 105B4649254AD18500F41B93 /* Assets.xcassets */; };
		105B464D254AD18500F41B93 /* LaunchScreen.storyboard in Resources */ = {isa = PBXBuildFile; fileRef = 105B464B254AD18500F41B93 /* LaunchScreen.storyboard */; };
		105B4658254AD42300F41B93 /* ContainerView.swift in Sources */ = {isa = PBXBuildFile; fileRef = 105B4657254AD42300F41B93 /* ContainerView.swift */; };
		105B465C254AD48A00F41B93 /* CircleView.swift in Sources */ = {isa = PBXBuildFile; fileRef = 105B465B254AD48A00F41B93 /* CircleView.swift */; };
		105B465F254AD50F00F41B93 /* Utility.swift in Sources */ = {isa = PBXBuildFile; fileRef = 105B465E254AD50F00F41B93 /* Utility.swift */; };
		105B4664254AED0B00F41B93 /* Circle.swift in Sources */ = {isa = PBXBuildFile; fileRef = 105B4663254AED0B00F41B93 /* Circle.swift */; };
/* End PBXBuildFile section */

/* Begin PBXFileReference section */
		105B463D254AD18200F41B93 /* AudigoTest.app */ = {isa = PBXFileReference; explicitFileType = wrapper.application; includeInIndex = 0; path = AudigoTest.app; sourceTree = BUILT_PRODUCTS_DIR; };
		105B4640254AD18200F41B93 /* AppDelegate.swift */ = {isa = PBXFileReference; lastKnownFileType = sourcecode.swift; path = AppDelegate.swift; sourceTree = "<group>"; };
		105B4642254AD18200F41B93 /* SceneDelegate.swift */ = {isa = PBXFileReference; lastKnownFileType = sourcecode.swift; path = SceneDelegate.swift; sourceTree = "<group>"; };
		105B4644254AD18200F41B93 /* ViewController.swift */ = {isa = PBXFileReference; lastKnownFileType = sourcecode.swift; path = ViewController.swift; sourceTree = "<group>"; };
		105B4647254AD18200F41B93 /* Base */ = {isa = PBXFileReference; lastKnownFileType = file.storyboard; name = Base; path = Base.lproj/Main.storyboard; sourceTree = "<group>"; };
		105B4649254AD18500F41B93 /* Assets.xcassets */ = {isa = PBXFileReference; lastKnownFileType = folder.assetcatalog; path = Assets.xcassets; sourceTree = "<group>"; };
		105B464C254AD18500F41B93 /* Base */ = {isa = PBXFileReference; lastKnownFileType = file.storyboard; name = Base; path = Base.lproj/LaunchScreen.storyboard; sourceTree = "<group>"; };
		105B464E254AD18500F41B93 /* Info.plist */ = {isa = PBXFileReference; lastKnownFileType = text.plist.xml; path = Info.plist; sourceTree = "<group>"; };
		105B4657254AD42300F41B93 /* ContainerView.swift */ = {isa = PBXFileReference; lastKnownFileType = sourcecode.swift; path = ContainerView.swift; sourceTree = "<group>"; };
		105B465B254AD48A00F41B93 /* CircleView.swift */ = {isa = PBXFileReference; lastKnownFileType = sourcecode.swift; path = CircleView.swift; sourceTree = "<group>"; };
		105B465E254AD50F00F41B93 /* Utility.swift */ = {isa = PBXFileReference; lastKnownFileType = sourcecode.swift; name = Utility.swift; path = AudigoTest/Utility.swift; sourceTree = SOURCE_ROOT; };
		105B4663254AED0B00F41B93 /* Circle.swift */ = {isa = PBXFileReference; lastKnownFileType = sourcecode.swift; path = Circle.swift; sourceTree = "<group>"; };
/* End PBXFileReference section */

/* Begin PBXFrameworksBuildPhase section */
		105B463A254AD18200F41B93 /* Frameworks */ = {
			isa = PBXFrameworksBuildPhase;
			buildActionMask = 2147483647;
			files = (
			);
			runOnlyForDeploymentPostprocessing = 0;
		};
/* End PBXFrameworksBuildPhase section */

/* Begin PBXGroup section */
		105B4634254AD18200F41B93 = {
			isa = PBXGroup;
			children = (
				105B463F254AD18200F41B93 /* AudigoTest */,
				105B463E254AD18200F41B93 /* Products */,
			);
			sourceTree = "<group>";
		};
		105B463E254AD18200F41B93 /* Products */ = {
			isa = PBXGroup;
			children = (
				105B463D254AD18200F41B93 /* AudigoTest.app */,
			);
			name = Products;
			sourceTree = "<group>";
		};
		105B463F254AD18200F41B93 /* AudigoTest */ = {
			isa = PBXGroup;
			children = (
				105B4640254AD18200F41B93 /* AppDelegate.swift */,
				105B465E254AD50F00F41B93 /* Utility.swift */,
				105B4662254AECFA00F41B93 /* Model */,
				105B4655254AD40300F41B93 /* Custom Views */,
				105B4642254AD18200F41B93 /* SceneDelegate.swift */,
				105B4644254AD18200F41B93 /* ViewController.swift */,
				105B4646254AD18200F41B93 /* Main.storyboard */,
				105B4649254AD18500F41B93 /* Assets.xcassets */,
				105B464B254AD18500F41B93 /* LaunchScreen.storyboard */,
				105B464E254AD18500F41B93 /* Info.plist */,
			);
			path = AudigoTest;
			sourceTree = "<group>";
		};
		105B4655254AD40300F41B93 /* Custom Views */ = {
			isa = PBXGroup;
			children = (
				105B465B254AD48A00F41B93 /* CircleView.swift */,
				105B4657254AD42300F41B93 /* ContainerView.swift */,
			);
			path = "Custom Views";
			sourceTree = "<group>";
		};
		105B4662254AECFA00F41B93 /* Model */ = {
			isa = PBXGroup;
			children = (
				105B4663254AED0B00F41B93 /* Circle.swift */,
			);
			path = Model;
			sourceTree = "<group>";
		};
/* End PBXGroup section */

/* Begin PBXNativeTarget section */
		105B463C254AD18200F41B93 /* AudigoTest */ = {
			isa = PBXNativeTarget;
			buildConfigurationList = 105B4651254AD18500F41B93 /* Build configuration list for PBXNativeTarget "AudigoTest" */;
			buildPhases = (
				105B4639254AD18200F41B93 /* Sources */,
				105B463A254AD18200F41B93 /* Frameworks */,
				105B463B254AD18200F41B93 /* Resources */,
			);
			buildRules = (
			);
			dependencies = (
			);
			name = AudigoTest;
			productName = AudigoTest;
			productReference = 105B463D254AD18200F41B93 /* AudigoTest.app */;
			productType = "com.apple.product-type.application";
		};
/* End PBXNativeTarget section */

/* Begin PBXProject section */
		105B4635254AD18200F41B93 /* Project object */ = {
			isa = PBXProject;
			attributes = {
				LastSwiftUpdateCheck = 1200;
				LastUpgradeCheck = 1200;
				TargetAttributes = {
					105B463C254AD18200F41B93 = {
						CreatedOnToolsVersion = 12.0;
					};
				};
			};
			buildConfigurationList = 105B4638254AD18200F41B93 /* Build configuration list for PBXProject "AudigoTest" */;
			compatibilityVersion = "Xcode 9.3";
			developmentRegion = en;
			hasScannedForEncodings = 0;
			knownRegions = (
				en,
				Base,
			);
			mainGroup = 105B4634254AD18200F41B93;
			productRefGroup = 105B463E254AD18200F41B93 /* Products */;
			projectDirPath = "";
			projectRoot = "";
			targets = (
				105B463C254AD18200F41B93 /* AudigoTest */,
			);
		};
/* End PBXProject section */

/* Begin PBXResourcesBuildPhase section */
		105B463B254AD18200F41B93 /* Resources */ = {
			isa = PBXResourcesBuildPhase;
			buildActionMask = 2147483647;
			files = (
				105B464D254AD18500F41B93 /* LaunchScreen.storyboard in Resources */,
				105B464A254AD18500F41B93 /* Assets.xcassets in Resources */,
				105B4648254AD18200F41B93 /* Main.storyboard in Resources */,
			);
			runOnlyForDeploymentPostprocessing = 0;
		};
/* End PBXResourcesBuildPhase section */

/* Begin PBXSourcesBuildPhase section */
		105B4639254AD18200F41B93 /* Sources */ = {
			isa = PBXSourcesBuildPhase;
			buildActionMask = 2147483647;
			files = (
				105B4664254AED0B00F41B93 /* Circle.swift in Sources */,
				105B4658254AD42300F41B93 /* ContainerView.swift in Sources */,
				105B465C254AD48A00F41B93 /* CircleView.swift in Sources */,
				105B465F254AD50F00F41B93 /* Utility.swift in Sources */,
				105B4645254AD18200F41B93 /* ViewController.swift in Sources */,
				105B4641254AD18200F41B93 /* AppDelegate.swift in Sources */,
				105B4643254AD18200F41B93 /* SceneDelegate.swift in Sources */,
			);
			runOnlyForDeploymentPostprocessing = 0;
		};
/* End PBXSourcesBuildPhase section */

/* Begin PBXVariantGroup section */
		105B4646254AD18200F41B93 /* Main.storyboard */ = {
			isa = PBXVariantGroup;
			children = (
				105B4647254AD18200F41B93 /* Base */,
			);
			name = Main.storyboard;
			sourceTree = "<group>";
		};
		105B464B254AD18500F41B93 /* LaunchScreen.storyboard */ = {
			isa = PBXVariantGroup;
			children = (
				105B464C254AD18500F41B93 /* Base */,
			);
			name = LaunchScreen.storyboard;
			sourceTree = "<group>";
		};
/* End PBXVariantGroup section */

/* Begin XCBuildConfiguration section */
		105B464F254AD18500F41B93 /* Debug */ = {
			isa = XCBuildConfiguration;
			buildSettings = {
				ALWAYS_SEARCH_USER_PATHS = NO;
				CLANG_ANALYZER_NONNULL = YES;
				CLANG_ANALYZER_NUMBER_OBJECT_CONVERSION = YES_AGGRESSIVE;
				CLANG_CXX_LANGUAGE_STANDARD = "gnu++14";
				CLANG_CXX_LIBRARY = "libc++";
				CLANG_ENABLE_MODULES = YES;
				CLANG_ENABLE_OBJC_ARC = YES;
				CLANG_ENABLE_OBJC_WEAK = YES;
				CLANG_WARN_BLOCK_CAPTURE_AUTORELEASING = YES;
				CLANG_WARN_BOOL_CONVERSION = YES;
				CLANG_WARN_COMMA = YES;
				CLANG_WARN_CONSTANT_CONVERSION = YES;
				CLANG_WARN_DEPRECATED_OBJC_IMPLEMENTATIONS = YES;
				CLANG_WARN_DIRECT_OBJC_ISA_USAGE = YES_ERROR;
				CLANG_WARN_DOCUMENTATION_COMMENTS = YES;
				CLANG_WARN_EMPTY_BODY = YES;
				CLANG_WARN_ENUM_CONVERSION = YES;
				CLANG_WARN_INFINITE_RECURSION = YES;
				CLANG_WARN_INT_CONVERSION = YES;
				CLANG_WARN_NON_LITERAL_NULL_CONVERSION = YES;
				CLANG_WARN_OBJC_IMPLICIT_RETAIN_SELF = YES;
				CLANG_WARN_OBJC_LITERAL_CONVERSION = YES;
				CLANG_WARN_OBJC_ROOT_CLASS = YES_ERROR;
				CLANG_WARN_QUOTED_INCLUDE_IN_FRAMEWORK_HEADER = YES;
				CLANG_WARN_RANGE_LOOP_ANALYSIS = YES;
				CLANG_WARN_STRICT_PROTOTYPES = YES;
				CLANG_WARN_SUSPICIOUS_MOVE = YES;
				CLANG_WARN_UNGUARDED_AVAILABILITY = YES_AGGRESSIVE;
				CLANG_WARN_UNREACHABLE_CODE = YES;
				CLANG_WARN__DUPLICATE_METHOD_MATCH = YES;
				COPY_PHASE_STRIP = NO;
				DEBUG_INFORMATION_FORMAT = dwarf;
				ENABLE_STRICT_OBJC_MSGSEND = YES;
				ENABLE_TESTABILITY = YES;
				GCC_C_LANGUAGE_STANDARD = gnu11;
				GCC_DYNAMIC_NO_PIC = NO;
				GCC_NO_COMMON_BLOCKS = YES;
				GCC_OPTIMIZATION_LEVEL = 0;
				GCC_PREPROCESSOR_DEFINITIONS = (
					"DEBUG=1",
					"$(inherited)",
				);
				GCC_WARN_64_TO_32_BIT_CONVERSION = YES;
				GCC_WARN_ABOUT_RETURN_TYPE = YES_ERROR;
				GCC_WARN_UNDECLARED_SELECTOR = YES;
				GCC_WARN_UNINITIALIZED_AUTOS = YES_AGGRESSIVE;
				GCC_WARN_UNUSED_FUNCTION = YES;
				GCC_WARN_UNUSED_VARIABLE = YES;
				IPHONEOS_DEPLOYMENT_TARGET = 14.0;
				MTL_ENABLE_DEBUG_INFO = INCLUDE_SOURCE;
				MTL_FAST_MATH = YES;
				ONLY_ACTIVE_ARCH = YES;
				SDKROOT = iphoneos;
				SWIFT_ACTIVE_COMPILATION_CONDITIONS = DEBUG;
				SWIFT_OPTIMIZATION_LEVEL = "-Onone";
			};
			name = Debug;
		};
		105B4650254AD18500F41B93 /* Release */ = {
			isa = XCBuildConfiguration;
			buildSettings = {
				ALWAYS_SEARCH_USER_PATHS = NO;
				CLANG_ANALYZER_NONNULL = YES;
				CLANG_ANALYZER_NUMBER_OBJECT_CONVERSION = YES_AGGRESSIVE;
				CLANG_CXX_LANGUAGE_STANDARD = "gnu++14";
				CLANG_CXX_LIBRARY = "libc++";
				CLANG_ENABLE_MODULES = YES;
				CLANG_ENABLE_OBJC_ARC = YES;
				CLANG_ENABLE_OBJC_WEAK = YES;
				CLANG_WARN_BLOCK_CAPTURE_AUTORELEASING = YES;
				CLANG_WARN_BOOL_CONVERSION = YES;
				CLANG_WARN_COMMA = YES;
				CLANG_WARN_CONSTANT_CONVERSION = YES;
				CLANG_WARN_DEPRECATED_OBJC_IMPLEMENTATIONS = YES;
				CLANG_WARN_DIRECT_OBJC_ISA_USAGE = YES_ERROR;
				CLANG_WARN_DOCUMENTATION_COMMENTS = YES;
				CLANG_WARN_EMPTY_BODY = YES;
				CLANG_WARN_ENUM_CONVERSION = YES;
				CLANG_WARN_INFINITE_RECURSION = YES;
				CLANG_WARN_INT_CONVERSION = YES;
				CLANG_WARN_NON_LITERAL_NULL_CONVERSION = YES;
				CLANG_WARN_OBJC_IMPLICIT_RETAIN_SELF = YES;
				CLANG_WARN_OBJC_LITERAL_CONVERSION = YES;
				CLANG_WARN_OBJC_ROOT_CLASS = YES_ERROR;
				CLANG_WARN_QUOTED_INCLUDE_IN_FRAMEWORK_HEADER = YES;
				CLANG_WARN_RANGE_LOOP_ANALYSIS = YES;
				CLANG_WARN_STRICT_PROTOTYPES = YES;
				CLANG_WARN_SUSPICIOUS_MOVE = YES;
				CLANG_WARN_UNGUARDED_AVAILABILITY = YES_AGGRESSIVE;
				CLANG_WARN_UNREACHABLE_CODE = YES;
				CLANG_WARN__DUPLICATE_METHOD_MATCH = YES;
				COPY_PHASE_STRIP = NO;
				DEBUG_INFORMATION_FORMAT = "dwarf-with-dsym";
				ENABLE_NS_ASSERTIONS = NO;
				ENABLE_STRICT_OBJC_MSGSEND = YES;
				GCC_C_LANGUAGE_STANDARD = gnu11;
				GCC_NO_COMMON_BLOCKS = YES;
				GCC_WARN_64_TO_32_BIT_CONVERSION = YES;
				GCC_WARN_ABOUT_RETURN_TYPE = YES_ERROR;
				GCC_WARN_UNDECLARED_SELECTOR = YES;
				GCC_WARN_UNINITIALIZED_AUTOS = YES_AGGRESSIVE;
				GCC_WARN_UNUSED_FUNCTION = YES;
				GCC_WARN_UNUSED_VARIABLE = YES;
				IPHONEOS_DEPLOYMENT_TARGET = 14.0;
				MTL_ENABLE_DEBUG_INFO = NO;
				MTL_FAST_MATH = YES;
				SDKROOT = iphoneos;
				SWIFT_COMPILATION_MODE = wholemodule;
				SWIFT_OPTIMIZATION_LEVEL = "-O";
				VALIDATE_PRODUCT = YES;
			};
			name = Release;
		};
		105B4652254AD18500F41B93 /* Debug */ = {
			isa = XCBuildConfiguration;
			buildSettings = {
				ASSETCATALOG_COMPILER_APPICON_NAME = AppIcon;
				ASSETCATALOG_COMPILER_GLOBAL_ACCENT_COLOR_NAME = AccentColor;
				CODE_SIGN_STYLE = Automatic;
				DEVELOPMENT_TEAM = 869GK4Z688;
				INFOPLIST_FILE = AudigoTest/Info.plist;
				LD_RUNPATH_SEARCH_PATHS = (
					"$(inherited)",
					"@executable_path/Frameworks",
				);
				PRODUCT_BUNDLE_IDENTIFIER = com.sceyt.ui.AudigoTest;
				PRODUCT_NAME = "$(TARGET_NAME)";
				SWIFT_VERSION = 5.0;
				TARGETED_DEVICE_FAMILY = "1,2";
			};
			name = Debug;
		};
		105B4653254AD18500F41B93 /* Release */ = {
			isa = XCBuildConfiguration;
			buildSettings = {
				ASSETCATALOG_COMPILER_APPICON_NAME = AppIcon;
				ASSETCATALOG_COMPILER_GLOBAL_ACCENT_COLOR_NAME = AccentColor;
				CODE_SIGN_STYLE = Automatic;
				DEVELOPMENT_TEAM = 869GK4Z688;
				INFOPLIST_FILE = AudigoTest/Info.plist;
				LD_RUNPATH_SEARCH_PATHS = (
					"$(inherited)",
					"@executable_path/Frameworks",
				);
				PRODUCT_BUNDLE_IDENTIFIER = com.sceyt.ui.AudigoTest;
				PRODUCT_NAME = "$(TARGET_NAME)";
				SWIFT_VERSION = 5.0;
				TARGETED_DEVICE_FAMILY = "1,2";
			};
			name = Release;
		};
/* End XCBuildConfiguration section */

/* Begin XCConfigurationList section */
		105B4638254AD18200F41B93 /* Build configuration list for PBXProject "AudigoTest" */ = {
			isa = XCConfigurationList;
			buildConfigurations = (
				105B464F254AD18500F41B93 /* Debug */,
				105B4650254AD18500F41B93 /* Release */,
			);
			defaultConfigurationIsVisible = 0;
			defaultConfigurationName = Release;
		};
		105B4651254AD18500F41B93 /* Build configuration list for PBXNativeTarget "AudigoTest" */ = {
			isa = XCConfigurationList;
			buildConfigurations = (
				105B4652254AD18500F41B93 /* Debug */,
				105B4653254AD18500F41B93 /* Release */,
			);
			defaultConfigurationIsVisible = 0;
			defaultConfigurationName = Release;
		};
/* End XCConfigurationList section */
	};
	rootObject = 105B4635254AD18200F41B93 /* Project object */;
}
